{
  "name": "tpld-zh_test",
  "version": "0.1.0",
  "lockfileVersion": 2,
  "requires": true,
  "packages": {
    "": {
      "name": "tpld-zh_test",
      "version": "0.1.0",
      "devDependencies": {
        "@tpl-ol/doc": "^0.1.0-a0.3",
        "prettier": "^2.4.1"
      },
      "engines": {
        "node": ">=16.0",
        "npm": ">=7.0"
      }
    },
    "node_modules/@tpl-ol/doc": {
      "version": "0.1.0-a0.3",
      "resolved": "https://registry.npmjs.org/@tpl-ol/doc/-/doc-0.1.0-a0.3.tgz",
      "integrity": "sha512-x2lR8gnu8YvPVOQ/XBs8826kamlC/hWxgZWztUL1541qMEZ4XTp3wAv383vo/o9+Wy16BrfKmpf69DU3i7D7mg==",
      "dev": true
    },
    "node_modules/prettier": {
      "version": "2.4.1",
      "resolved": "https://registry.npmjs.org/prettier/-/prettier-2.4.1.tgz",
      "integrity": "sha512-9fbDAXSBcc6Bs1mZrDYb3XKzDLm4EXXL9sC1LqKP5rZkT6KRr/rf9amVUcODVXgguK/isJz0d0hP72WeaKWsvA==",
      "dev": true,
      "bin": {
        "prettier": "bin-prettier.js"
      },
      "engines": {
        "node": ">=10.13.0"
      }
    }
  },
  "dependencies": {
    "@tpl-ol/doc": {
      "version": "0.1.0-a0.3",
      "resolved": "https://registry.npmjs.org/@tpl-ol/doc/-/doc-0.1.0-a0.3.tgz",
      "integrity": "sha512-x2lR8gnu8YvPVOQ/XBs8826kamlC/hWxgZWztUL1541qMEZ4XTp3wAv383vo/o9+Wy16BrfKmpf69DU3i7D7mg==",
      "dev": true
    },
    "prettier": {
      "version": "2.4.1",
      "resolved": "https://registry.npmjs.org/prettier/-/prettier-2.4.1.tgz",
      "integrity": "sha512-9fbDAXSBcc6Bs1mZrDYb3XKzDLm4EXXL9sC1LqKP5rZkT6KRr/rf9amVUcODVXgguK/isJz0d0hP72WeaKWsvA==",
      "dev": true
    }
  }
}
