{
  "name": "tpld-zh_test",
  "version": "0.1.0",
  "lockfileVersion": 2,
  "requires": true,
  "packages": {
    "": {
      "name": "tpld-zh_test",
      "version": "0.1.0",
      "devDependencies": {
        "@tpl-ol/doc": "^0.1.0-a0.4",
        "@tpl-ol/nsh": "^0.1.0-a1",
        "prettier": "^2.4.1"
      },
      "engines": {
        "node": ">=16.0",
        "npm": ">=7.0"
      }
    },
    "node_modules/@tpl-ol/doc": {
      "version": "0.1.0-a0.4",
      "resolved": "https://registry.npmjs.org/@tpl-ol/doc/-/doc-0.1.0-a0.4.tgz",
      "integrity": "sha512-276f9fgNd3HLrTc5ouCNkFy2G4bc/4EEvhs+YNHdBQGKDc4RxDMXXkVNxX0e2lNYyzH4Yc+lB9P5uJ+ZEIOj2g==",
      "dev": true
    },
    "node_modules/@tpl-ol/nsh": {
      "version": "0.1.0-a1",
      "resolved": "https://registry.npmjs.org/@tpl-ol/nsh/-/nsh-0.1.0-a1.tgz",
      "integrity": "sha512-X03K0CyBvoveXFDmiy+Nvxmizi+Et2zW+9xtny7Xz5BqCoXrgjEgW0g7B8sZvImImahXlu/gKhks6exw68jH7g==",
      "dev": true,
      "bin": {
        "ns": "bin/ns_en.js",
        "nsh": "bin/nsh_en.js",
        "壳": "bin/nsh_zh_CN.js",
        "壳依": "bin/ns_zh_CN.js"
      },
      "engines": {
        "node": ">=16.0",
        "npm": ">=7.0"
      }
    },
    "node_modules/prettier": {
      "version": "2.4.1",
      "resolved": "https://registry.npmjs.org/prettier/-/prettier-2.4.1.tgz",
      "integrity": "sha512-9fbDAXSBcc6Bs1mZrDYb3XKzDLm4EXXL9sC1LqKP5rZkT6KRr/rf9amVUcODVXgguK/isJz0d0hP72WeaKWsvA==",
      "dev": true,
      "bin": {
        "prettier": "bin-prettier.js"
      },
      "engines": {
        "node": ">=10.13.0"
      }
    }
  },
  "dependencies": {
    "@tpl-ol/doc": {
      "version": "0.1.0-a0.4",
      "resolved": "https://registry.npmjs.org/@tpl-ol/doc/-/doc-0.1.0-a0.4.tgz",
      "integrity": "sha512-276f9fgNd3HLrTc5ouCNkFy2G4bc/4EEvhs+YNHdBQGKDc4RxDMXXkVNxX0e2lNYyzH4Yc+lB9P5uJ+ZEIOj2g==",
      "dev": true
    },
    "@tpl-ol/nsh": {
      "version": "0.1.0-a1",
      "resolved": "https://registry.npmjs.org/@tpl-ol/nsh/-/nsh-0.1.0-a1.tgz",
      "integrity": "sha512-X03K0CyBvoveXFDmiy+Nvxmizi+Et2zW+9xtny7Xz5BqCoXrgjEgW0g7B8sZvImImahXlu/gKhks6exw68jH7g==",
      "dev": true
    },
    "prettier": {
      "version": "2.4.1",
      "resolved": "https://registry.npmjs.org/prettier/-/prettier-2.4.1.tgz",
      "integrity": "sha512-9fbDAXSBcc6Bs1mZrDYb3XKzDLm4EXXL9sC1LqKP5rZkT6KRr/rf9amVUcODVXgguK/isJz0d0hP72WeaKWsvA==",
      "dev": true
    }
  }
}
